
Microsoft Visual Studio Solution File, Format Version 12.00
# Visual Studio Version 16
VisualStudioVersion = 16.0.29728.190
MinimumVisualStudioVersion = 10.0.40219.1
Project("{FAE04EC0-301F-11D3-BF4B-00C04F79EFBC}") = "Encoding_Timezones_Dispose", "Encoding_Timezones_Dispose\Encoding_Timezones_Dispose.csproj", "{2A5743B1-608E-440D-8EB5-579A753CC796}"
EndProject
Global
	GlobalSection(SolutionConfigurationPlatforms) = preSolution
		Debug|Any CPU = Debug|Any CPU
		Release|Any CPU = Release|Any CPU
	EndGlobalSection
	GlobalSection(ProjectConfigurationPlatforms) = postSolution
		{2A5743B1-608E-440D-8EB5-579A753CC796}.Debug|Any CPU.ActiveCfg = Debug|Any CPU
		{2A5743B1-608E-440D-8EB5-579A753CC796}.Debug|Any CPU.Build.0 = Debug|Any CPU
		{2A5743B1-608E-440D-8EB5-579A753CC796}.Release|Any CPU.ActiveCfg = Release|Any CPU
		{2A5743B1-608E-440D-8EB5-579A753CC796}.Release|Any CPU.Build.0 = Release|Any CPU
	EndGlobalSection
	GlobalSection(SolutionProperties) = preSolution
		HideSolutionNode = FALSE
	EndGlobalSection
	GlobalSection(ExtensibilityGlobals) = postSolution
		SolutionGuid = {A9E52A42-18D3-4D40-AAF3-251A75B9F2A8}
	EndGlobalSection
EndGlobal
